<?xml version="1.0" encoding="utf-8"?>
<Project ToolsVersion="4.0" xmlns="http://schemas.microsoft.com/developer/msbuild/2003">
  <ItemGroup>
    <Filter Include="리소스 파일">
      <UniqueIdentifier>{67DA6AB6-F800-4c08-8B7A-83BB121AAD01}</UniqueIdentifier>
      <Extensions>rc;ico;cur;bmp;dlg;rc2;rct;bin;rgs;gif;jpg;jpeg;jpe;resx;tiff;tif;png;wav;mfcribbon-ms</Extensions>
    </Filter>
    <Filter Include="Source">
      <UniqueIdentifier>{f3a1d0fe-7021-4ce7-86b8-db78c19cfcd1}</UniqueIdentifier>
    </Filter>
    <Filter Include="Utils">
      <UniqueIdentifier>{c057c4ac-6307-4070-8a4b-43b24e485092}</UniqueIdentifier>
    </Filter>
    <Filter Include="Rendering">
      <UniqueIdentifier>{294ec0b1-c2ab-40b8-bcb5-2f23ad2b7c41}</UniqueIdentifier>
    </Filter>
    <Filter Include="Frame">
      <UniqueIdentifier>{a34615fb-7efc-44f2-b151-ac408f751856}</UniqueIdentifier>
    </Filter>
    <Filter Include="Image">
      <UniqueIdentifier>{52321c18-0a1d-4d81-bef2-0fa6bda0f4ab}</UniqueIdentifier>
    </Filter>
  </ItemGroup>
  <ItemGroup>
    <ClInclude Include="pch.h">
      <Filter>Utils</Filter>
    </ClInclude>
    <ClInclude Include="targetver.h">
      <Filter>Utils</Filter>
    </ClInclude>
    <ClInclude Include="Resource.h">
      <Filter>Utils</Filter>
    </ClInclude>
    <ClInclude Include="Types.h">
      <Filter>Utils</Filter>
    </ClInclude>
    <ClInclude Include="Window.h">
      <Filter>Frame</Filter>
    </ClInclude>
    <ClInclude Include="Utils.h">
      <Filter>Utils</Filter>
    </ClInclude>
    <ClInclude Include="GameFrame.h">
      <Filter>Frame</Filter>
    </ClInclude>
    <ClInclude Include="Sprite.h">
      <Filter>Image</Filter>
    </ClInclude>
    <ClInclude Include="ImageLoader.h">
      <Filter>Image</Filter>
    </ClInclude>
    <ClInclude Include="Image.h">
      <Filter>Image</Filter>
    </ClInclude>
  </ItemGroup>
  <ItemGroup>
    <ClCompile Include="main.cpp">
      <Filter>Source</Filter>
    </ClCompile>
    <ClCompile Include="pch.cpp">
      <Filter>Utils</Filter>
    </ClCompile>
    <ClCompile Include="Types.cpp">
      <Filter>Utils</Filter>
    </ClCompile>
    <ClCompile Include="Window.cpp">
      <Filter>Frame</Filter>
    </ClCompile>
    <ClCompile Include="Utils.cpp">
      <Filter>Utils</Filter>
    </ClCompile>
    <ClCompile Include="GameFrame.cpp">
      <Filter>Frame</Filter>
    </ClCompile>
    <ClCompile Include="Sprite.cpp">
      <Filter>Image</Filter>
    </ClCompile>
    <ClCompile Include="ImageLoader.cpp">
      <Filter>Image</Filter>
    </ClCompile>
    <ClCompile Include="Image.cpp">
      <Filter>Image</Filter>
    </ClCompile>
  </ItemGroup>
  <ItemGroup>
    <ResourceCompile Include="GameClient.rc">
      <Filter>리소스 파일</Filter>
    </ResourceCompile>
  </ItemGroup>
  <ItemGroup>
    <Image Include="small.ico">
      <Filter>리소스 파일</Filter>
    </Image>
    <Image Include="GameClient.ico">
      <Filter>리소스 파일</Filter>
    </Image>
  </ItemGroup>
</Project>